
Microsoft Visual Studio Solution File, Format Version 12.00
# Visual Studio 15
VisualStudioVersion = 15.0.28307.168
MinimumVisualStudioVersion = 10.0.40219.1
Project("{888888A0-9F3D-457C-B088-3A5042F75D52}") = "TaskBunny", "TaskBunny\TaskBunny.pyproj", "{BF894AEA-F5A2-40DC-97C5-E9FB5C50B053}"
EndProject
Global
	GlobalSection(SolutionConfigurationPlatforms) = preSolution
		Debug|Any CPU = Debug|Any CPU
		Release|Any CPU = Release|Any CPU
	EndGlobalSection
	GlobalSection(ProjectConfigurationPlatforms) = postSolution
		{BF894AEA-F5A2-40DC-97C5-E9FB5C50B053}.Debug|Any CPU.ActiveCfg = Debug|Any CPU
		{BF894AEA-F5A2-40DC-97C5-E9FB5C50B053}.Debug|Any CPU.Build.0 = Debug|Any CPU
		{BF894AEA-F5A2-40DC-97C5-E9FB5C50B053}.Release|Any CPU.ActiveCfg = Release|Any CPU
		{BF894AEA-F5A2-40DC-97C5-E9FB5C50B053}.Release|Any CPU.Build.0 = Release|Any CPU
	EndGlobalSection
	GlobalSection(SolutionProperties) = preSolution
		HideSolutionNode = FALSE
	EndGlobalSection
	GlobalSection(ExtensibilityGlobals) = postSolution
		SolutionGuid = {15164713-8043-4ECB-B8ED-9BD8C39C16EE}
	EndGlobalSection
EndGlobal
